// !$*UTF8*$!
{
	archiveVersion = 1;
	classes = {
	};
	objectVersion = 56;
	objects = {

/* Begin PBXBuildFile section */
		2F3A63F0D1D7E81997EDA364 /* amplifyconfiguration.json in Resources */ = {isa = PBXBuildFile; fileRef = B7D92F51A5CE9C29A8493A89 /* amplifyconfiguration.json */; };
		3E38CD8629E89A1C00B0CEC8 /* AWSCognitoAuthPlugin in Frameworks */ = {isa = PBXBuildFile; productRef = 3E38CD8529E89A1C00B0CEC8 /* AWSCognitoAuthPlugin */; };
		3E38CD8829E89A1C00B0CEC8 /* Amplify in Frameworks */ = {isa = PBXBuildFile; productRef = 3E38CD8729E89A1C00B0CEC8 /* Amplify */; };
		3E38CD8A29E8A6CC00B0CEC8 /* SessionManager.swift in Sources */ = {isa = PBXBuildFile; fileRef = 3E38CD8929E8A6CC00B0CEC8 /* SessionManager.swift */; };
		3E38CD8C29E8BB9D00B0CEC8 /* ConfirmAccountView.swift in Sources */ = {isa = PBXBuildFile; fileRef = 3E38CD8B29E8BB9D00B0CEC8 /* ConfirmAccountView.swift */; };
		3E38CD8E29E9CA7900B0CEC8 /* LoadingView.swift in Sources */ = {isa = PBXBuildFile; fileRef = 3E38CD8D29E9CA7900B0CEC8 /* LoadingView.swift */; };
		3E557E2129E493880095E700 /* SignInView.swift in Sources */ = {isa = PBXBuildFile; fileRef = 3E557E2029E493880095E700 /* SignInView.swift */; };
		3E5D3AE729DE676500F1AA99 /* CircleApp.swift in Sources */ = {isa = PBXBuildFile; fileRef = 3E5D3AE629DE676500F1AA99 /* CircleApp.swift */; };
		3E5D3AEB29DE676600F1AA99 /* Assets.xcassets in Resources */ = {isa = PBXBuildFile; fileRef = 3E5D3AEA29DE676600F1AA99 /* Assets.xcassets */; };
		3E5D3AEE29DE676600F1AA99 /* Preview Assets.xcassets in Resources */ = {isa = PBXBuildFile; fileRef = 3E5D3AED29DE676600F1AA99 /* Preview Assets.xcassets */; };
		3E5D3AF629DE943500F1AA99 /* SignUpView.swift in Sources */ = {isa = PBXBuildFile; fileRef = 3E5D3AF529DE943500F1AA99 /* SignUpView.swift */; };
		3ECFF07929E70E8F00F26C51 /* HomePageView.swift in Sources */ = {isa = PBXBuildFile; fileRef = 3ECFF07829E70E8F00F26C51 /* HomePageView.swift */; };
		54B85CB647CB0019EA427BEA /* awsconfiguration.json in Resources */ = {isa = PBXBuildFile; fileRef = 39F7F5F5738DE9E6A83B2295 /* awsconfiguration.json */; };
/* End PBXBuildFile section */

/* Begin PBXFileReference section */
		39F7F5F5738DE9E6A83B2295 /* awsconfiguration.json */ = {isa = PBXFileReference; explicitFileType = text.json; path = awsconfiguration.json; sourceTree = "<group>"; };
		3E38CD8329E895FD00B0CEC8 /* Circle.entitlements */ = {isa = PBXFileReference; lastKnownFileType = text.plist.entitlements; path = Circle.entitlements; sourceTree = "<group>"; };
		3E38CD8929E8A6CC00B0CEC8 /* SessionManager.swift */ = {isa = PBXFileReference; lastKnownFileType = sourcecode.swift; path = SessionManager.swift; sourceTree = "<group>"; };
		3E38CD8B29E8BB9D00B0CEC8 /* ConfirmAccountView.swift */ = {isa = PBXFileReference; lastKnownFileType = sourcecode.swift; path = ConfirmAccountView.swift; sourceTree = "<group>"; };
		3E38CD8D29E9CA7900B0CEC8 /* LoadingView.swift */ = {isa = PBXFileReference; lastKnownFileType = sourcecode.swift; path = LoadingView.swift; sourceTree = "<group>"; };
		3E557E2029E493880095E700 /* SignInView.swift */ = {isa = PBXFileReference; lastKnownFileType = sourcecode.swift; path = SignInView.swift; sourceTree = "<group>"; };
		3E5D3AE329DE676500F1AA99 /* Circle.app */ = {isa = PBXFileReference; explicitFileType = wrapper.application; includeInIndex = 0; path = Circle.app; sourceTree = BUILT_PRODUCTS_DIR; };
		3E5D3AE629DE676500F1AA99 /* CircleApp.swift */ = {isa = PBXFileReference; lastKnownFileType = sourcecode.swift; path = CircleApp.swift; sourceTree = "<group>"; };
		3E5D3AEA29DE676600F1AA99 /* Assets.xcassets */ = {isa = PBXFileReference; lastKnownFileType = folder.assetcatalog; path = Assets.xcassets; sourceTree = "<group>"; };
		3E5D3AED29DE676600F1AA99 /* Preview Assets.xcassets */ = {isa = PBXFileReference; lastKnownFileType = folder.assetcatalog; path = "Preview Assets.xcassets"; sourceTree = "<group>"; };
		3E5D3AF529DE943500F1AA99 /* SignUpView.swift */ = {isa = PBXFileReference; lastKnownFileType = sourcecode.swift; path = SignUpView.swift; sourceTree = "<group>"; };
		3ECFF07829E70E8F00F26C51 /* HomePageView.swift */ = {isa = PBXFileReference; lastKnownFileType = sourcecode.swift; path = HomePageView.swift; sourceTree = "<group>"; };
		B7D92F51A5CE9C29A8493A89 /* amplifyconfiguration.json */ = {isa = PBXFileReference; explicitFileType = text.json; path = amplifyconfiguration.json; sourceTree = "<group>"; };
/* End PBXFileReference section */

/* Begin PBXFrameworksBuildPhase section */
		3E5D3AE029DE676500F1AA99 /* Frameworks */ = {
			isa = PBXFrameworksBuildPhase;
			buildActionMask = 2147483647;
			files = (
				3E38CD8629E89A1C00B0CEC8 /* AWSCognitoAuthPlugin in Frameworks */,
				3E38CD8829E89A1C00B0CEC8 /* Amplify in Frameworks */,
			);
			runOnlyForDeploymentPostprocessing = 0;
		};
/* End PBXFrameworksBuildPhase section */

/* Begin PBXGroup section */
		2549785CB99241C1D1E6A5D2 /* AmplifyConfig */ = {
			isa = PBXGroup;
			children = (
				39F7F5F5738DE9E6A83B2295 /* awsconfiguration.json */,
				B7D92F51A5CE9C29A8493A89 /* amplifyconfiguration.json */,
			);
			name = AmplifyConfig;
			sourceTree = "<group>";
		};
		3E5D3ADA29DE676500F1AA99 = {
			isa = PBXGroup;
			children = (
				3E5D3AE529DE676500F1AA99 /* Circle */,
				3E5D3AE429DE676500F1AA99 /* Products */,
				2549785CB99241C1D1E6A5D2 /* AmplifyConfig */,
			);
			sourceTree = "<group>";
		};
		3E5D3AE429DE676500F1AA99 /* Products */ = {
			isa = PBXGroup;
			children = (
				3E5D3AE329DE676500F1AA99 /* Circle.app */,
			);
			name = Products;
			sourceTree = "<group>";
		};
		3E5D3AE529DE676500F1AA99 /* Circle */ = {
			isa = PBXGroup;
			children = (
				3E38CD8329E895FD00B0CEC8 /* Circle.entitlements */,
				3ECFF07729E70E7900F26C51 /* HomePage */,
				3E5D3AF429DE690300F1AA99 /* SignUpSignIn */,
				3E5D3AE629DE676500F1AA99 /* CircleApp.swift */,
				3E38CD8929E8A6CC00B0CEC8 /* SessionManager.swift */,
				3E5D3AEA29DE676600F1AA99 /* Assets.xcassets */,
				3E5D3AEC29DE676600F1AA99 /* Preview Content */,
			);
			path = Circle;
			sourceTree = "<group>";
		};
		3E5D3AEC29DE676600F1AA99 /* Preview Content */ = {
			isa = PBXGroup;
			children = (
				3E5D3AED29DE676600F1AA99 /* Preview Assets.xcassets */,
			);
			path = "Preview Content";
			sourceTree = "<group>";
		};
		3E5D3AF429DE690300F1AA99 /* SignUpSignIn */ = {
			isa = PBXGroup;
			children = (
				3E5D3AF529DE943500F1AA99 /* SignUpView.swift */,
				3E557E2029E493880095E700 /* SignInView.swift */,
				3E38CD8B29E8BB9D00B0CEC8 /* ConfirmAccountView.swift */,
				3E38CD8D29E9CA7900B0CEC8 /* LoadingView.swift */,
			);
			path = SignUpSignIn;
			sourceTree = "<group>";
		};
		3ECFF07729E70E7900F26C51 /* HomePage */ = {
			isa = PBXGroup;
			children = (
				3ECFF07829E70E8F00F26C51 /* HomePageView.swift */,
			);
			path = HomePage;
			sourceTree = "<group>";
		};
/* End PBXGroup section */

/* Begin PBXNativeTarget section */
		3E5D3AE229DE676500F1AA99 /* Circle */ = {
			isa = PBXNativeTarget;
			buildConfigurationList = 3E5D3AF129DE676600F1AA99 /* Build configuration list for PBXNativeTarget "Circle" */;
			buildPhases = (
				3E5D3ADF29DE676500F1AA99 /* Sources */,
				3E5D3AE029DE676500F1AA99 /* Frameworks */,
				3E5D3AE129DE676500F1AA99 /* Resources */,
			);
			buildRules = (
			);
			dependencies = (
			);
			name = Circle;
			packageProductDependencies = (
				3E38CD8529E89A1C00B0CEC8 /* AWSCognitoAuthPlugin */,
				3E38CD8729E89A1C00B0CEC8 /* Amplify */,
			);
			productName = Circle;
			productReference = 3E5D3AE329DE676500F1AA99 /* Circle.app */;
			productType = "com.apple.product-type.application";
		};
/* End PBXNativeTarget section */

/* Begin PBXProject section */
		3E5D3ADB29DE676500F1AA99 /* Project object */ = {
			isa = PBXProject;
			attributes = {
				BuildIndependentTargetsInParallel = 1;
				LastSwiftUpdateCheck = 1430;
				LastUpgradeCheck = 1430;
				TargetAttributes = {
					3E5D3AE229DE676500F1AA99 = {
						CreatedOnToolsVersion = 14.3;
					};
				};
			};
			buildConfigurationList = 3E5D3ADE29DE676500F1AA99 /* Build configuration list for PBXProject "Circle" */;
			compatibilityVersion = "Xcode 14.0";
			developmentRegion = en;
			hasScannedForEncodings = 0;
			knownRegions = (
				en,
				Base,
			);
			mainGroup = 3E5D3ADA29DE676500F1AA99;
			packageReferences = (
				3E38CD8429E89A1C00B0CEC8 /* XCRemoteSwiftPackageReference "amplify-swift" */,
			);
			productRefGroup = 3E5D3AE429DE676500F1AA99 /* Products */;
			projectDirPath = "";
			projectRoot = "";
			targets = (
				3E5D3AE229DE676500F1AA99 /* Circle */,
			);
		};
/* End PBXProject section */

/* Begin PBXResourcesBuildPhase section */
		3E5D3AE129DE676500F1AA99 /* Resources */ = {
			isa = PBXResourcesBuildPhase;
			buildActionMask = 2147483647;
			files = (
				3E5D3AEE29DE676600F1AA99 /* Preview Assets.xcassets in Resources */,
				3E5D3AEB29DE676600F1AA99 /* Assets.xcassets in Resources */,
				54B85CB647CB0019EA427BEA /* awsconfiguration.json in Resources */,
				2F3A63F0D1D7E81997EDA364 /* amplifyconfiguration.json in Resources */,
			);
			runOnlyForDeploymentPostprocessing = 0;
		};
/* End PBXResourcesBuildPhase section */

/* Begin PBXSourcesBuildPhase section */
		3E5D3ADF29DE676500F1AA99 /* Sources */ = {
			isa = PBXSourcesBuildPhase;
			buildActionMask = 2147483647;
			files = (
				3E557E2129E493880095E700 /* SignInView.swift in Sources */,
				3E5D3AF629DE943500F1AA99 /* SignUpView.swift in Sources */,
				3ECFF07929E70E8F00F26C51 /* HomePageView.swift in Sources */,
				3E38CD8A29E8A6CC00B0CEC8 /* SessionManager.swift in Sources */,
				3E5D3AE729DE676500F1AA99 /* CircleApp.swift in Sources */,
				3E38CD8E29E9CA7900B0CEC8 /* LoadingView.swift in Sources */,
				3E38CD8C29E8BB9D00B0CEC8 /* ConfirmAccountView.swift in Sources */,
			);
			runOnlyForDeploymentPostprocessing = 0;
		};
/* End PBXSourcesBuildPhase section */

/* Begin XCBuildConfiguration section */
		3E5D3AEF29DE676600F1AA99 /* Debug */ = {
			isa = XCBuildConfiguration;
			buildSettings = {
				ALWAYS_SEARCH_USER_PATHS = NO;
				CLANG_ANALYZER_NONNULL = YES;
				CLANG_ANALYZER_NUMBER_OBJECT_CONVERSION = YES_AGGRESSIVE;
				CLANG_CXX_LANGUAGE_STANDARD = "gnu++20";
				CLANG_ENABLE_MODULES = YES;
				CLANG_ENABLE_OBJC_ARC = YES;
				CLANG_ENABLE_OBJC_WEAK = YES;
				CLANG_WARN_BLOCK_CAPTURE_AUTORELEASING = YES;
				CLANG_WARN_BOOL_CONVERSION = YES;
				CLANG_WARN_COMMA = YES;
				CLANG_WARN_CONSTANT_CONVERSION = YES;
				CLANG_WARN_DEPRECATED_OBJC_IMPLEMENTATIONS = YES;
				CLANG_WARN_DIRECT_OBJC_ISA_USAGE = YES_ERROR;
				CLANG_WARN_DOCUMENTATION_COMMENTS = YES;
				CLANG_WARN_EMPTY_BODY = YES;
				CLANG_WARN_ENUM_CONVERSION = YES;
				CLANG_WARN_INFINITE_RECURSION = YES;
				CLANG_WARN_INT_CONVERSION = YES;
				CLANG_WARN_NON_LITERAL_NULL_CONVERSION = YES;
				CLANG_WARN_OBJC_IMPLICIT_RETAIN_SELF = YES;
				CLANG_WARN_OBJC_LITERAL_CONVERSION = YES;
				CLANG_WARN_OBJC_ROOT_CLASS = YES_ERROR;
				CLANG_WARN_QUOTED_INCLUDE_IN_FRAMEWORK_HEADER = YES;
				CLANG_WARN_RANGE_LOOP_ANALYSIS = YES;
				CLANG_WARN_STRICT_PROTOTYPES = YES;
				CLANG_WARN_SUSPICIOUS_MOVE = YES;
				CLANG_WARN_UNGUARDED_AVAILABILITY = YES_AGGRESSIVE;
				CLANG_WARN_UNREACHABLE_CODE = YES;
				CLANG_WARN__DUPLICATE_METHOD_MATCH = YES;
				COPY_PHASE_STRIP = NO;
				DEBUG_INFORMATION_FORMAT = dwarf;
				ENABLE_STRICT_OBJC_MSGSEND = YES;
				ENABLE_TESTABILITY = YES;
				GCC_C_LANGUAGE_STANDARD = gnu11;
				GCC_DYNAMIC_NO_PIC = NO;
				GCC_NO_COMMON_BLOCKS = YES;
				GCC_OPTIMIZATION_LEVEL = 0;
				GCC_PREPROCESSOR_DEFINITIONS = (
					"DEBUG=1",
					"$(inherited)",
				);
				GCC_WARN_64_TO_32_BIT_CONVERSION = YES;
				GCC_WARN_ABOUT_RETURN_TYPE = YES_ERROR;
				GCC_WARN_UNDECLARED_SELECTOR = YES;
				GCC_WARN_UNINITIALIZED_AUTOS = YES_AGGRESSIVE;
				GCC_WARN_UNUSED_FUNCTION = YES;
				GCC_WARN_UNUSED_VARIABLE = YES;
				IPHONEOS_DEPLOYMENT_TARGET = 16.4;
				MTL_ENABLE_DEBUG_INFO = INCLUDE_SOURCE;
				MTL_FAST_MATH = YES;
				ONLY_ACTIVE_ARCH = YES;
				SDKROOT = iphoneos;
				SWIFT_ACTIVE_COMPILATION_CONDITIONS = DEBUG;
				SWIFT_OPTIMIZATION_LEVEL = "-Onone";
			};
			name = Debug;
		};
		3E5D3AF029DE676600F1AA99 /* Release */ = {
			isa = XCBuildConfiguration;
			buildSettings = {
				ALWAYS_SEARCH_USER_PATHS = NO;
				CLANG_ANALYZER_NONNULL = YES;
				CLANG_ANALYZER_NUMBER_OBJECT_CONVERSION = YES_AGGRESSIVE;
				CLANG_CXX_LANGUAGE_STANDARD = "gnu++20";
				CLANG_ENABLE_MODULES = YES;
				CLANG_ENABLE_OBJC_ARC = YES;
				CLANG_ENABLE_OBJC_WEAK = YES;
				CLANG_WARN_BLOCK_CAPTURE_AUTORELEASING = YES;
				CLANG_WARN_BOOL_CONVERSION = YES;
				CLANG_WARN_COMMA = YES;
				CLANG_WARN_CONSTANT_CONVERSION = YES;
				CLANG_WARN_DEPRECATED_OBJC_IMPLEMENTATIONS = YES;
				CLANG_WARN_DIRECT_OBJC_ISA_USAGE = YES_ERROR;
				CLANG_WARN_DOCUMENTATION_COMMENTS = YES;
				CLANG_WARN_EMPTY_BODY = YES;
				CLANG_WARN_ENUM_CONVERSION = YES;
				CLANG_WARN_INFINITE_RECURSION = YES;
				CLANG_WARN_INT_CONVERSION = YES;
				CLANG_WARN_NON_LITERAL_NULL_CONVERSION = YES;
				CLANG_WARN_OBJC_IMPLICIT_RETAIN_SELF = YES;
				CLANG_WARN_OBJC_LITERAL_CONVERSION = YES;
				CLANG_WARN_OBJC_ROOT_CLASS = YES_ERROR;
				CLANG_WARN_QUOTED_INCLUDE_IN_FRAMEWORK_HEADER = YES;
				CLANG_WARN_RANGE_LOOP_ANALYSIS = YES;
				CLANG_WARN_STRICT_PROTOTYPES = YES;
				CLANG_WARN_SUSPICIOUS_MOVE = YES;
				CLANG_WARN_UNGUARDED_AVAILABILITY = YES_AGGRESSIVE;
				CLANG_WARN_UNREACHABLE_CODE = YES;
				CLANG_WARN__DUPLICATE_METHOD_MATCH = YES;
				COPY_PHASE_STRIP = NO;
				DEBUG_INFORMATION_FORMAT = "dwarf-with-dsym";
				ENABLE_NS_ASSERTIONS = NO;
				ENABLE_STRICT_OBJC_MSGSEND = YES;
				GCC_C_LANGUAGE_STANDARD = gnu11;
				GCC_NO_COMMON_BLOCKS = YES;
				GCC_WARN_64_TO_32_BIT_CONVERSION = YES;
				GCC_WARN_ABOUT_RETURN_TYPE = YES_ERROR;
				GCC_WARN_UNDECLARED_SELECTOR = YES;
				GCC_WARN_UNINITIALIZED_AUTOS = YES_AGGRESSIVE;
				GCC_WARN_UNUSED_FUNCTION = YES;
				GCC_WARN_UNUSED_VARIABLE = YES;
				IPHONEOS_DEPLOYMENT_TARGET = 16.4;
				MTL_ENABLE_DEBUG_INFO = NO;
				MTL_FAST_MATH = YES;
				SDKROOT = iphoneos;
				SWIFT_COMPILATION_MODE = wholemodule;
				SWIFT_OPTIMIZATION_LEVEL = "-O";
				VALIDATE_PRODUCT = YES;
			};
			name = Release;
		};
		3E5D3AF229DE676600F1AA99 /* Debug */ = {
			isa = XCBuildConfiguration;
			buildSettings = {
				ASSETCATALOG_COMPILER_APPICON_NAME = AppIcon;
				ASSETCATALOG_COMPILER_GLOBAL_ACCENT_COLOR_NAME = AccentColor;
				CODE_SIGN_ENTITLEMENTS = Circle/Circle.entitlements;
				CODE_SIGN_STYLE = Automatic;
				CURRENT_PROJECT_VERSION = 1;
				DEVELOPMENT_ASSET_PATHS = "\"Circle/Preview Content\"";
				ENABLE_PREVIEWS = YES;
				GENERATE_INFOPLIST_FILE = YES;
				INFOPLIST_KEY_UIApplicationSceneManifest_Generation = YES;
				INFOPLIST_KEY_UIApplicationSupportsIndirectInputEvents = YES;
				INFOPLIST_KEY_UILaunchScreen_Generation = YES;
				INFOPLIST_KEY_UISupportedInterfaceOrientations_iPad = "UIInterfaceOrientationPortrait UIInterfaceOrientationPortraitUpsideDown UIInterfaceOrientationLandscapeLeft UIInterfaceOrientationLandscapeRight";
				INFOPLIST_KEY_UISupportedInterfaceOrientations_iPhone = "UIInterfaceOrientationPortrait UIInterfaceOrientationLandscapeLeft UIInterfaceOrientationLandscapeRight";
				LD_RUNPATH_SEARCH_PATHS = (
					"$(inherited)",
					"@executable_path/Frameworks",
				);
				MARKETING_VERSION = 1.0;
				PRODUCT_BUNDLE_IDENTIFIER = com.example.Circle;
				PRODUCT_NAME = "$(TARGET_NAME)";
				SWIFT_EMIT_LOC_STRINGS = YES;
				SWIFT_VERSION = 5.0;
				TARGETED_DEVICE_FAMILY = "1,2";
			};
			name = Debug;
		};
		3E5D3AF329DE676600F1AA99 /* Release */ = {
			isa = XCBuildConfiguration;
			buildSettings = {
				ASSETCATALOG_COMPILER_APPICON_NAME = AppIcon;
				ASSETCATALOG_COMPILER_GLOBAL_ACCENT_COLOR_NAME = AccentColor;
				CODE_SIGN_ENTITLEMENTS = Circle/Circle.entitlements;
				CODE_SIGN_STYLE = Automatic;
				CURRENT_PROJECT_VERSION = 1;
				DEVELOPMENT_ASSET_PATHS = "\"Circle/Preview Content\"";
				ENABLE_PREVIEWS = YES;
				GENERATE_INFOPLIST_FILE = YES;
				INFOPLIST_KEY_UIApplicationSceneManifest_Generation = YES;
				INFOPLIST_KEY_UIApplicationSupportsIndirectInputEvents = YES;
				INFOPLIST_KEY_UILaunchScreen_Generation = YES;
				INFOPLIST_KEY_UISupportedInterfaceOrientations_iPad = "UIInterfaceOrientationPortrait UIInterfaceOrientationPortraitUpsideDown UIInterfaceOrientationLandscapeLeft UIInterfaceOrientationLandscapeRight";
				INFOPLIST_KEY_UISupportedInterfaceOrientations_iPhone = "UIInterfaceOrientationPortrait UIInterfaceOrientationLandscapeLeft UIInterfaceOrientationLandscapeRight";
				LD_RUNPATH_SEARCH_PATHS = (
					"$(inherited)",
					"@executable_path/Frameworks",
				);
				MARKETING_VERSION = 1.0;
				PRODUCT_BUNDLE_IDENTIFIER = com.example.Circle;
				PRODUCT_NAME = "$(TARGET_NAME)";
				SWIFT_EMIT_LOC_STRINGS = YES;
				SWIFT_VERSION = 5.0;
				TARGETED_DEVICE_FAMILY = "1,2";
			};
			name = Release;
		};
/* End XCBuildConfiguration section */

/* Begin XCConfigurationList section */
		3E5D3ADE29DE676500F1AA99 /* Build configuration list for PBXProject "Circle" */ = {
			isa = XCConfigurationList;
			buildConfigurations = (
				3E5D3AEF29DE676600F1AA99 /* Debug */,
				3E5D3AF029DE676600F1AA99 /* Release */,
			);
			defaultConfigurationIsVisible = 0;
			defaultConfigurationName = Release;
		};
		3E5D3AF129DE676600F1AA99 /* Build configuration list for PBXNativeTarget "Circle" */ = {
			isa = XCConfigurationList;
			buildConfigurations = (
				3E5D3AF229DE676600F1AA99 /* Debug */,
				3E5D3AF329DE676600F1AA99 /* Release */,
			);
			defaultConfigurationIsVisible = 0;
			defaultConfigurationName = Release;
		};
/* End XCConfigurationList section */

/* Begin XCRemoteSwiftPackageReference section */
		3E38CD8429E89A1C00B0CEC8 /* XCRemoteSwiftPackageReference "amplify-swift" */ = {
			isa = XCRemoteSwiftPackageReference;
			repositoryURL = "https://github.com/aws-amplify/amplify-swift";
			requirement = {
				kind = upToNextMajorVersion;
				minimumVersion = 2.0.0;
			};
		};
/* End XCRemoteSwiftPackageReference section */

/* Begin XCSwiftPackageProductDependency section */
		3E38CD8529E89A1C00B0CEC8 /* AWSCognitoAuthPlugin */ = {
			isa = XCSwiftPackageProductDependency;
			package = 3E38CD8429E89A1C00B0CEC8 /* XCRemoteSwiftPackageReference "amplify-swift" */;
			productName = AWSCognitoAuthPlugin;
		};
		3E38CD8729E89A1C00B0CEC8 /* Amplify */ = {
			isa = XCSwiftPackageProductDependency;
			package = 3E38CD8429E89A1C00B0CEC8 /* XCRemoteSwiftPackageReference "amplify-swift" */;
			productName = Amplify;
		};
/* End XCSwiftPackageProductDependency section */
	};
	rootObject = 3E5D3ADB29DE676500F1AA99 /* Project object */;
}
